<?xml version="1.0" encoding="UTF-8" standalone="yes" ?>
<CodeBlocks_project_file>
	<FileVersion major="1" minor="6" />
	<Project>
		<Option title="cp" />
		<Option pch_mode="2" />
		<Option compiler="gcc" />
		<Build>
			<Target title="Debug">
				<Option output="bin/Debug/cp" prefix_auto="1" extension_auto="1" />
				<Option object_output="obj/Debug/" />
				<Option type="1" />
				<Option compiler="gcc" />
				<Compiler>
					<Add option="-g" />
					<Add option="-I C:\programming\competetive_programming\cp\" />
					<Add directory="C:/programming/competetive_programming/cp/" />
				</Compiler>
			</Target>
			<Target title="Release">
				<Option output="bin/Release/cp" prefix_auto="1" extension_auto="1" />
				<Option object_output="obj/Release/" />
				<Option type="1" />
				<Option compiler="gcc" />
				<Compiler>
					<Add option="-O2" />
				</Compiler>
				<Linker>
					<Add option="-s" />
				</Linker>
			</Target>
		</Build>
		<Compiler>
			<Add option="-Wall" />
			<Add option="-fexceptions" />
		</Compiler>
		<Unit filename="algorithms/basic_convex_hull.cpp" />
		<Unit filename="algorithms/graph/shortest_path/bellman_struct.h" />
		<Unit filename="algorithms/graph/shortest_path/dijkstra_struct.h" />
		<Unit filename="algorithms/graph/spanning_trees/kruskals_struct.h" />
		<Unit filename="algorithms/graph/spanning_trees/prims_struct.h" />
		<Unit filename="algorithms/math/find_sqrt_floor.h" />
		<Unit filename="algorithms/searching/binary_search_basic.h" />
		<Unit filename="algorithms/sorting/bubblebasic.h" />
		<Unit filename="algorithms/sorting/heapbasic.h" />
		<Unit filename="algorithms/sorting/insertionbasic.h" />
		<Unit filename="algorithms/sorting/mergebasic.h" />
		<Unit filename="algorithms/sorting/mergelinkedlist.h" />
		<Unit filename="algorithms/sorting/quickbasic.h" />
		<Unit filename="algorithms/sorting/selectionbasic.h" />
		<Unit filename="algorithms/string/kmp_basic.h" />
		<Unit filename="algorithms/string/z_basic.h" />
		<Unit filename="datastructures/avl_tree_basic.h" />
		<Unit filename="datastructures/difference_array.h" />
		<Unit filename="datastructures/disjoint_sets.h" />
		<Unit filename="datastructures/min_segment_tree_basic.h" />
		<Unit filename="datastructures/priority_queue/heap/binary/SUBSFREQ/node.h" />
		<Unit filename="datastructures/priority_queue/heap/binary/SUBSFREQ/priority_queue.h" />
		<Unit filename="datastructures/sum_segment_tree_basic.h" />
		<Unit filename="main.cpp" />
		<Unit filename="problems/codechef/CHEFWED/chefwed.h" />
		<Unit filename="problems/codechef/DRGNDEN/drgnden.h" />
		<Unit filename="problems/codechef/SKMP/skmp.h" />
		<Unit filename="problems/codechef/SUBSFREQ/subsfreq.h" />
		<Extensions>
			<code_completion />
			<envvars />
			<debugger />
			<lib_finder disable_auto="1" />
		</Extensions>
	</Project>
</CodeBlocks_project_file>
